<?xml version="1.0" encoding="utf-8"?>
<Project ToolsVersion="4.0" xmlns="http://schemas.microsoft.com/developer/msbuild/2003">
  <ItemGroup>
    <Filter Include="Исходные файлы">
      <UniqueIdentifier>{4FC737F1-C7A5-4376-A066-2A32D752A2FF}</UniqueIdentifier>
      <Extensions>cpp;c;cc;cxx;c++;cppm;ixx;def;odl;idl;hpj;bat;asm;asmx</Extensions>
    </Filter>
    <Filter Include="Файлы заголовков">
      <UniqueIdentifier>{93995380-89BD-4b04-88EB-625FBE52EBFB}</UniqueIdentifier>
      <Extensions>h;hh;hpp;hxx;h++;hm;inl;inc;ipp;xsd</Extensions>
    </Filter>
    <Filter Include="Файлы ресурсов">
      <UniqueIdentifier>{67DA6AB6-F800-4c08-8B7A-83BB121AAD01}</UniqueIdentifier>
      <Extensions>rc;ico;cur;bmp;dlg;rc2;rct;bin;rgs;gif;jpg;jpeg;jpe;resx;tiff;tif;png;wav;mfcribbon-ms</Extensions>
    </Filter>
  </ItemGroup>
  <ItemGroup>
    <ClCompile Include="ConsoleApplication1.cpp">
      <Filter>Исходные файлы</Filter>
    </ClCompile>
  </ItemGroup>
  <ItemGroup>
    <Image Include="chariot.jpg">
      <Filter>Файлы ресурсов</Filter>
    </Image>
    <Image Include="death.jpg">
      <Filter>Файлы ресурсов</Filter>
    </Image>
    <Image Include="devil.jpg">
      <Filter>Файлы ресурсов</Filter>
    </Image>
    <Image Include="emperor.jpg">
      <Filter>Файлы ресурсов</Filter>
    </Image>
    <Image Include="fool.jpg">
      <Filter>Файлы ресурсов</Filter>
    </Image>
    <Image Include="empress.jpg">
      <Filter>Файлы ресурсов</Filter>
    </Image>
    <Image Include="hanged-man.jpg">
      <Filter>Файлы ресурсов</Filter>
    </Image>
    <Image Include="hermit.jpg">
      <Filter>Файлы ресурсов</Filter>
    </Image>
    <Image Include="hierophant.jpg">
      <Filter>Файлы ресурсов</Filter>
    </Image>
    <Image Include="high-priestess.jpg">
      <Filter>Файлы ресурсов</Filter>
    </Image>
    <Image Include="lovers.jpg">
      <Filter>Файлы ресурсов</Filter>
    </Image>
    <Image Include="judgement.jpg">
      <Filter>Файлы ресурсов</Filter>
    </Image>
    <Image Include="justice.jpg">
      <Filter>Файлы ресурсов</Filter>
    </Image>
    <Image Include="magican.jpg">
      <Filter>Файлы ресурсов</Filter>
    </Image>
    <Image Include="moon.jpg">
      <Filter>Файлы ресурсов</Filter>
    </Image>
    <Image Include="star.jpg">
      <Filter>Файлы ресурсов</Filter>
    </Image>
    <Image Include="sun.jpg">
      <Filter>Файлы ресурсов</Filter>
    </Image>
    <Image Include="strength.jpg">
      <Filter>Файлы ресурсов</Filter>
    </Image>
    <Image Include="temperance.jpg">
      <Filter>Файлы ресурсов</Filter>
    </Image>
    <Image Include="tower.jpg">
      <Filter>Файлы ресурсов</Filter>
    </Image>
    <Image Include="wheel-of-fortune.jpg">
      <Filter>Файлы ресурсов</Filter>
    </Image>
    <Image Include="world.jpg">
      <Filter>Файлы ресурсов</Filter>
    </Image>
  </ItemGroup>
  <ItemGroup>
    <None Include="openal32.dll" />
    <None Include="sfml-audio-2.dll" />
    <None Include="sfml-graphics-2.dll" />
    <None Include="sfml-audio-d-2.dll" />
    <None Include="sfml-graphics-d-2.dll" />
    <None Include="sfml-network-2.dll" />
    <None Include="sfml-network-d-2.dll" />
    <None Include="sfml-system-2.dll" />
    <None Include="sfml-system-d-2.dll" />
    <None Include="sfml-window-2.dll" />
    <None Include="sfml-window-d-2.dll" />
  </ItemGroup>
  <ItemGroup>
    <Font Include="Arial.ttf" />
  </ItemGroup>
</Project>